{
  "version": 4,
  "terraform_version": "1.7.5",
  "serial": 9,
  "lineage": "da4b51b9-8f9d-f542-3f1e-83360bb0e895",
  "outputs": {
    "public_ip_address": {
      "value": [
        ""
      ],
      "type": [
        "tuple",
        [
          "string"
        ]
      ]
    }
  },
  "resources": [
    {
      "mode": "managed",
      "type": "azurerm_linux_virtual_machine",
      "name": "tfvm",
      "provider": "provider[\"registry.terraform.io/hashicorp/azurerm\"]",
      "instances": [
        {
          "schema_version": 0,
          "attributes": {
            "additional_capabilities": [],
            "admin_password": null,
            "admin_ssh_key": [
              {
                "public_key": "ssh-rsa AAAAB3NzaC1yc2EAAAADAQABAAABgQDK2j9iZh1xHJylwi47WjQJJ3QMhqSkjRNMcOGQlBic8nHPT88Ib1AZ4otD+0gv7IbUBDTZqjpS3b6vcJvkRfDI3x6lPf/1E1ArZz2i65jPWwW5hJuaU+x00W2T0zDQhdP0cmwKnUD0TsfqFm66ouYrLBTAfnUoKnMmuHCMjLbzM0uW9Ba5R9SjySvGRRXjFcS1hCa3eEyXTHv3DbhPs5hCHmced+7+TqqeFe1Kj734x52W77UHPwytgh4aP8RDqc3Cmb/dfkNYzV+iAhY0G6Z0jUWrcDicBrM6jyPovtorLRSp2kPqiQ92t2N4Zav9lhLWLmBO2JZOpcn/CM+4DjlatoLkojY4BwdZk583M5s96MzJSEHE9/3ZqnfWmLXIe7YAJARu5JB+6PDcGvG2KQBgdbqfTRzQ4GUYqe8geHhg/NofWB9u2xncixxYxmuDKB7eE8QhajL2Jq1bOwfNrsabdaOjbxcPWhqC0lorwNxTArPt/nwb6UsYZPmk2ib4f30= djh22@Atlas\r\n",
                "username": "adminuser"
              }
            ],
            "admin_username": "adminuser",
            "allow_extension_operations": true,
            "availability_set_id": "",
            "boot_diagnostics": [],
            "computer_name": "vm1",
            "custom_data": "ICAjIS9iaW4vYmFzaA0Kc3VkbyBhcHQtZ2V0IHVwZGF0ZSAteSAmJg0Kc3VkbyBhcHQtZ2V0IGluc3RhbGwgLXkgXA0KYXB0LXRyYW5zcG9ydC1odHRwcyBcDQpjYS1jZXJ0aWZpY2F0ZXMgXA0KY3VybCBcDQpnbnVwZy1hZ2VudCBcDQpzb2Z0d2FyZS1wcm9wZXJ0aWVzLWNvbW1vbiAmJg0KY3VybCAtZnNTTCBodHRwczovL2Rvd25sb2FkLmRvY2tlci5jb20vbGludXgvdWJ1bnR1L2dwZyB8IHN1ZG8gYXB0LWtleSBhZGQgLSAmJg0Kc3VkbyBhZGQtYXB0LXJlcG9zaXRvcnkgImRlYiBbYXJjaD1hbWQ2NF0gaHR0cHM6Ly9kb3dubG9hZC5kb2NrZXIuY29tL2xpbnV4L3VidW50dSAkKGxzYl9yZWxlYXNlIC1jcykgc3RhYmxlIiAmJg0Kc3VkbyBhcHQtZ2V0IHVwZGF0ZSAteSAmJg0Kc3VkbyBzdWRvIGFwdC1nZXQgaW5zdGFsbCBkb2NrZXItY2UgZG9ja2VyLWNlLWNsaSBjb250YWluZXJkLmlvIC15ICYmDQpzdWRvIHVzZXJtb2QgLWFHIGRvY2tlciBhZG1pbnVzZXI=",
            "dedicated_host_group_id": "",
            "dedicated_host_id": "",
            "disable_password_authentication": true,
            "edge_zone": "",
            "encryption_at_host_enabled": false,
            "eviction_policy": "",
            "extensions_time_budget": "PT1H30M",
            "id": "/subscriptions/55e5426c-c004-4975-98b4-06230fda46fe/resourceGroups/terraformazure-rg/providers/Microsoft.Compute/virtualMachines/vm1",
            "identity": [],
            "license_type": "",
            "location": "eastus",
            "max_bid_price": -1,
            "name": "vm1",
            "network_interface_ids": [
              "/subscriptions/55e5426c-c004-4975-98b4-06230fda46fe/resourceGroups/terraformazure-rg/providers/Microsoft.Network/networkInterfaces/tf-nic"
            ],
            "os_disk": [
              {
                "caching": "ReadWrite",
                "diff_disk_settings": [],
                "disk_encryption_set_id": "",
                "disk_size_gb": 30,
                "name": "vm1_disk1_ad0caf83a3ca4a5e8ae6141eb249853e",
                "storage_account_type": "Standard_LRS",
                "write_accelerator_enabled": false
              }
            ],
            "patch_mode": "ImageDefault",
            "plan": [],
            "platform_fault_domain": -1,
            "priority": "Regular",
            "private_ip_address": "10.0.1.4",
            "private_ip_addresses": [
              "10.0.1.4"
            ],
            "provision_vm_agent": true,
            "proximity_placement_group_id": "",
            "public_ip_address": "52.170.192.69",
            "public_ip_addresses": [
              "52.170.192.69"
            ],
            "resource_group_name": "terraformazure-rg",
            "secret": [],
            "secure_boot_enabled": false,
            "size": "Standard_B1s",
            "source_image_id": "",
            "source_image_reference": [
              {
                "offer": "0001-com-ubuntu-server-jammy",
                "publisher": "Canonical",
                "sku": "22_04-lts",
                "version": "latest"
              }
            ],
            "tags": null,
            "termination_notification": null,
            "timeouts": null,
            "user_data": "",
            "virtual_machine_id": "2ec73874-47ad-4ae8-ac4a-a4d760e13925",
            "virtual_machine_scale_set_id": "",
            "vtpm_enabled": false,
            "zone": ""
          },
          "sensitive_attributes": [],
          "private": "eyJlMmJmYjczMC1lY2FhLTExZTYtOGY4OC0zNDM2M2JjN2M0YzAiOnsiY3JlYXRlIjoyNzAwMDAwMDAwMDAwLCJkZWxldGUiOjI3MDAwMDAwMDAwMDAsInJlYWQiOjMwMDAwMDAwMDAwMCwidXBkYXRlIjoyNzAwMDAwMDAwMDAwfX0=",
          "dependencies": [
            "azurerm_network_interface.nic",
            "azurerm_public_ip.pub-ip",
            "azurerm_resource_group.rg",
            "azurerm_subnet.subnet",
            "azurerm_virtual_network.vnet"
          ]
        }
      ]
    },
    {
      "mode": "managed",
      "type": "azurerm_network_interface",
      "name": "nic",
      "provider": "provider[\"registry.terraform.io/hashicorp/azurerm\"]",
      "instances": [
        {
          "schema_version": 0,
          "attributes": {
            "applied_dns_servers": [],
            "dns_servers": [],
            "edge_zone": "",
            "enable_accelerated_networking": false,
            "enable_ip_forwarding": false,
            "id": "/subscriptions/55e5426c-c004-4975-98b4-06230fda46fe/resourceGroups/terraformazure-rg/providers/Microsoft.Network/networkInterfaces/tf-nic",
            "internal_dns_name_label": "",
            "internal_domain_name_suffix": "3ggqb2c4olbepnyeok5j23nxgd.bx.internal.cloudapp.net",
            "ip_configuration": [
              {
                "gateway_load_balancer_frontend_ip_configuration_id": "",
                "name": "internal",
                "primary": true,
                "private_ip_address": "10.0.1.4",
                "private_ip_address_allocation": "Dynamic",
                "private_ip_address_version": "IPv4",
                "public_ip_address_id": "/subscriptions/55e5426c-c004-4975-98b4-06230fda46fe/resourceGroups/terraformazure-rg/providers/Microsoft.Network/publicIPAddresses/vmpub-ip",
                "subnet_id": "/subscriptions/55e5426c-c004-4975-98b4-06230fda46fe/resourceGroups/terraformazure-rg/providers/Microsoft.Network/virtualNetworks/tf-vnet/subnets/tf-subnet1"
              }
            ],
            "location": "eastus",
            "mac_address": "",
            "name": "tf-nic",
            "private_ip_address": "10.0.1.4",
            "private_ip_addresses": [
              "10.0.1.4"
            ],
            "resource_group_name": "terraformazure-rg",
            "tags": null,
            "timeouts": null,
            "virtual_machine_id": ""
          },
          "sensitive_attributes": [],
          "private": "eyJlMmJmYjczMC1lY2FhLTExZTYtOGY4OC0zNDM2M2JjN2M0YzAiOnsiY3JlYXRlIjoxODAwMDAwMDAwMDAwLCJkZWxldGUiOjE4MDAwMDAwMDAwMDAsInJlYWQiOjMwMDAwMDAwMDAwMCwidXBkYXRlIjoxODAwMDAwMDAwMDAwfX0=",
          "dependencies": [
            "azurerm_public_ip.pub-ip",
            "azurerm_resource_group.rg",
            "azurerm_subnet.subnet",
            "azurerm_virtual_network.vnet"
          ]
        }
      ]
    },
    {
      "mode": "managed",
      "type": "azurerm_network_security_group",
      "name": "nsg",
      "provider": "provider[\"registry.terraform.io/hashicorp/azurerm\"]",
      "instances": [
        {
          "schema_version": 0,
          "attributes": {
            "id": "/subscriptions/55e5426c-c004-4975-98b4-06230fda46fe/resourceGroups/terraformazure-rg/providers/Microsoft.Network/networkSecurityGroups/tf-nsg",
            "location": "eastus",
            "name": "tf-nsg",
            "resource_group_name": "terraformazure-rg",
            "security_rule": [
              {
                "access": "Allow",
                "description": "",
                "destination_address_prefix": "*",
                "destination_address_prefixes": [],
                "destination_application_security_group_ids": [],
                "destination_port_range": "*",
                "destination_port_ranges": [],
                "direction": "Inbound",
                "name": "tg-nsg-rule",
                "priority": 100,
                "protocol": "*",
                "source_address_prefix": "*",
                "source_address_prefixes": [],
                "source_application_security_group_ids": [],
                "source_port_range": "*",
                "source_port_ranges": []
              }
            ],
            "tags": null,
            "timeouts": null
          },
          "sensitive_attributes": [],
          "private": "eyJlMmJmYjczMC1lY2FhLTExZTYtOGY4OC0zNDM2M2JjN2M0YzAiOnsiY3JlYXRlIjoxODAwMDAwMDAwMDAwLCJkZWxldGUiOjE4MDAwMDAwMDAwMDAsInJlYWQiOjMwMDAwMDAwMDAwMCwidXBkYXRlIjoxODAwMDAwMDAwMDAwfX0=",
          "dependencies": [
            "azurerm_resource_group.rg"
          ]
        }
      ]
    },
    {
      "mode": "managed",
      "type": "azurerm_public_ip",
      "name": "pub-ip",
      "provider": "provider[\"registry.terraform.io/hashicorp/azurerm\"]",
      "instances": [
        {
          "schema_version": 0,
          "attributes": {
            "allocation_method": "Dynamic",
            "domain_name_label": null,
            "edge_zone": "",
            "fqdn": null,
            "id": "/subscriptions/55e5426c-c004-4975-98b4-06230fda46fe/resourceGroups/terraformazure-rg/providers/Microsoft.Network/publicIPAddresses/vmpub-ip",
            "idle_timeout_in_minutes": 4,
            "ip_address": "",
            "ip_tags": null,
            "ip_version": "IPv4",
            "location": "eastus",
            "name": "vmpub-ip",
            "public_ip_prefix_id": null,
            "resource_group_name": "terraformazure-rg",
            "reverse_fqdn": null,
            "sku": "Basic",
            "sku_tier": "Regional",
            "tags": null,
            "timeouts": null,
            "zones": null
          },
          "sensitive_attributes": [],
          "private": "eyJlMmJmYjczMC1lY2FhLTExZTYtOGY4OC0zNDM2M2JjN2M0YzAiOnsiY3JlYXRlIjoxODAwMDAwMDAwMDAwLCJkZWxldGUiOjE4MDAwMDAwMDAwMDAsInJlYWQiOjMwMDAwMDAwMDAwMCwidXBkYXRlIjoxODAwMDAwMDAwMDAwfX0=",
          "dependencies": [
            "azurerm_resource_group.rg"
          ]
        }
      ]
    },
    {
      "mode": "managed",
      "type": "azurerm_resource_group",
      "name": "rg",
      "provider": "provider[\"registry.terraform.io/hashicorp/azurerm\"]",
      "instances": [
        {
          "schema_version": 0,
          "attributes": {
            "id": "/subscriptions/55e5426c-c004-4975-98b4-06230fda46fe/resourceGroups/terraformazure-rg",
            "location": "eastus",
            "name": "terraformazure-rg",
            "tags": null,
            "timeouts": null
          },
          "sensitive_attributes": [],
          "private": "eyJlMmJmYjczMC1lY2FhLTExZTYtOGY4OC0zNDM2M2JjN2M0YzAiOnsiY3JlYXRlIjo1NDAwMDAwMDAwMDAwLCJkZWxldGUiOjU0MDAwMDAwMDAwMDAsInJlYWQiOjMwMDAwMDAwMDAwMCwidXBkYXRlIjo1NDAwMDAwMDAwMDAwfX0="
        }
      ]
    },
    {
      "mode": "managed",
      "type": "azurerm_subnet",
      "name": "subnet",
      "provider": "provider[\"registry.terraform.io/hashicorp/azurerm\"]",
      "instances": [
        {
          "schema_version": 0,
          "attributes": {
            "address_prefixes": [
              "10.0.1.0/24"
            ],
            "delegation": [],
            "enforce_private_link_endpoint_network_policies": false,
            "enforce_private_link_service_network_policies": false,
            "id": "/subscriptions/55e5426c-c004-4975-98b4-06230fda46fe/resourceGroups/terraformazure-rg/providers/Microsoft.Network/virtualNetworks/tf-vnet/subnets/tf-subnet1",
            "name": "tf-subnet1",
            "resource_group_name": "terraformazure-rg",
            "service_endpoint_policy_ids": null,
            "service_endpoints": null,
            "timeouts": null,
            "virtual_network_name": "tf-vnet"
          },
          "sensitive_attributes": [],
          "private": "eyJlMmJmYjczMC1lY2FhLTExZTYtOGY4OC0zNDM2M2JjN2M0YzAiOnsiY3JlYXRlIjoxODAwMDAwMDAwMDAwLCJkZWxldGUiOjE4MDAwMDAwMDAwMDAsInJlYWQiOjMwMDAwMDAwMDAwMCwidXBkYXRlIjoxODAwMDAwMDAwMDAwfX0=",
          "dependencies": [
            "azurerm_resource_group.rg",
            "azurerm_virtual_network.vnet"
          ]
        }
      ]
    },
    {
      "mode": "managed",
      "type": "azurerm_subnet_network_security_group_association",
      "name": "nsg-sga",
      "provider": "provider[\"registry.terraform.io/hashicorp/azurerm\"]",
      "instances": [
        {
          "schema_version": 0,
          "attributes": {
            "id": "/subscriptions/55e5426c-c004-4975-98b4-06230fda46fe/resourceGroups/terraformazure-rg/providers/Microsoft.Network/virtualNetworks/tf-vnet/subnets/tf-subnet1",
            "network_security_group_id": "/subscriptions/55e5426c-c004-4975-98b4-06230fda46fe/resourceGroups/terraformazure-rg/providers/Microsoft.Network/networkSecurityGroups/tf-nsg",
            "subnet_id": "/subscriptions/55e5426c-c004-4975-98b4-06230fda46fe/resourceGroups/terraformazure-rg/providers/Microsoft.Network/virtualNetworks/tf-vnet/subnets/tf-subnet1",
            "timeouts": null
          },
          "sensitive_attributes": [],
          "private": "eyJlMmJmYjczMC1lY2FhLTExZTYtOGY4OC0zNDM2M2JjN2M0YzAiOnsiY3JlYXRlIjoxODAwMDAwMDAwMDAwLCJkZWxldGUiOjE4MDAwMDAwMDAwMDAsInJlYWQiOjMwMDAwMDAwMDAwMCwidXBkYXRlIjoxODAwMDAwMDAwMDAwfX0=",
          "dependencies": [
            "azurerm_network_security_group.nsg",
            "azurerm_resource_group.rg",
            "azurerm_subnet.subnet",
            "azurerm_virtual_network.vnet"
          ]
        }
      ]
    },
    {
      "mode": "managed",
      "type": "azurerm_virtual_network",
      "name": "vnet",
      "provider": "provider[\"registry.terraform.io/hashicorp/azurerm\"]",
      "instances": [
        {
          "schema_version": 0,
          "attributes": {
            "address_space": [
              "10.0.0.0/16"
            ],
            "bgp_community": "",
            "ddos_protection_plan": [],
            "dns_servers": [],
            "edge_zone": "",
            "flow_timeout_in_minutes": 0,
            "guid": "f0008de9-725e-47c2-b704-72be9e75b733",
            "id": "/subscriptions/55e5426c-c004-4975-98b4-06230fda46fe/resourceGroups/terraformazure-rg/providers/Microsoft.Network/virtualNetworks/tf-vnet",
            "location": "eastus",
            "name": "tf-vnet",
            "resource_group_name": "terraformazure-rg",
            "subnet": [],
            "tags": null,
            "timeouts": null
          },
          "sensitive_attributes": [],
          "private": "eyJlMmJmYjczMC1lY2FhLTExZTYtOGY4OC0zNDM2M2JjN2M0YzAiOnsiY3JlYXRlIjoxODAwMDAwMDAwMDAwLCJkZWxldGUiOjE4MDAwMDAwMDAwMDAsInJlYWQiOjMwMDAwMDAwMDAwMCwidXBkYXRlIjoxODAwMDAwMDAwMDAwfX0=",
          "dependencies": [
            "azurerm_resource_group.rg"
          ]
        }
      ]
    }
  ],
  "check_results": null
}
